
Microsoft Visual Studio Solution File, Format Version 12.00
# Visual Studio Version 17
VisualStudioVersion = 17.0.31903.59
MinimumVisualStudioVersion = 10.0.40219.1
Project("{2150E333-8FDC-42A3-9474-1A3956D46DE8}") = "src", "src", "{827E0CD3-B72D-47B6-A68D-7590B98EB39B}"
EndProject
Project("{2150E333-8FDC-42A3-9474-1A3956D46DE8}") = "Core", "Core", "{8D626EA8-CB54-BC41-363A-217881BEBA6E}"
EndProject
Project("{2150E333-8FDC-42A3-9474-1A3956D46DE8}") = "Domain", "Domain", "{53986343-908A-6037-C70A-1919D3E9F8C3}"
EndProject
Project("{FAE04EC0-301F-11D3-BF4B-00C04F79EFBC}") = "Core.Domain", "src\Core\Domain\Core.Domain.csproj", "{4D1F7EDC-13AE-432C-80EB-F66E7A16D4D9}"
EndProject
Project("{2150E333-8FDC-42A3-9474-1A3956D46DE8}") = "Application", "Application", "{0CDA018B-BDBD-8926-19A4-D41D9F91466A}"
EndProject
Project("{FAE04EC0-301F-11D3-BF4B-00C04F79EFBC}") = "Core.Application", "src\Core\Application\Core.Application.csproj", "{BCDFD122-7006-4379-AA69-3F86D9CD253D}"
EndProject
Project("{FAE04EC0-301F-11D3-BF4B-00C04F79EFBC}") = "Infrastructure", "src\Infrastructure\Infrastructure.csproj", "{13443EB7-35CD-4DB6-8669-AAEC930EC680}"
EndProject
Project("{FAE04EC0-301F-11D3-BF4B-00C04F79EFBC}") = "WebApi", "src\WebApi\WebApi.csproj", "{23C45D04-3D09-41FD-B2D1-7A5C0F41DF90}"
EndProject
Project("{2150E333-8FDC-42A3-9474-1A3956D46DE8}") = "tests", "tests", "{0AB3BF05-4346-4AA6-1389-037BE0695223}"
EndProject
Project("{FAE04EC0-301F-11D3-BF4B-00C04F79EFBC}") = "Tests", "tests\Tests\Tests.csproj", "{F7D54783-F3EC-44AB-B232-ADDA9CF16B60}"
EndProject
Project("{2150E333-8FDC-42A3-9474-1A3956D46DE8}") = "Solution Items", "Solution Items", "{8EC462FD-D22E-90A8-E5CE-7E832BA40C5D}"
	ProjectSection(SolutionItems) = preProject
		.gitignore = .gitignore
	EndProjectSection
EndProject
Global
	GlobalSection(SolutionConfigurationPlatforms) = preSolution
		Debug|Any CPU = Debug|Any CPU
		Debug|x64 = Debug|x64
		Debug|x86 = Debug|x86
		Release|Any CPU = Release|Any CPU
		Release|x64 = Release|x64
		Release|x86 = Release|x86
	EndGlobalSection
	GlobalSection(ProjectConfigurationPlatforms) = postSolution
		{4D1F7EDC-13AE-432C-80EB-F66E7A16D4D9}.Debug|Any CPU.ActiveCfg = Debug|Any CPU
		{4D1F7EDC-13AE-432C-80EB-F66E7A16D4D9}.Debug|Any CPU.Build.0 = Debug|Any CPU
		{4D1F7EDC-13AE-432C-80EB-F66E7A16D4D9}.Debug|x64.ActiveCfg = Debug|Any CPU
		{4D1F7EDC-13AE-432C-80EB-F66E7A16D4D9}.Debug|x64.Build.0 = Debug|Any CPU
		{4D1F7EDC-13AE-432C-80EB-F66E7A16D4D9}.Debug|x86.ActiveCfg = Debug|Any CPU
		{4D1F7EDC-13AE-432C-80EB-F66E7A16D4D9}.Debug|x86.Build.0 = Debug|Any CPU
		{4D1F7EDC-13AE-432C-80EB-F66E7A16D4D9}.Release|Any CPU.ActiveCfg = Release|Any CPU
		{4D1F7EDC-13AE-432C-80EB-F66E7A16D4D9}.Release|Any CPU.Build.0 = Release|Any CPU
		{4D1F7EDC-13AE-432C-80EB-F66E7A16D4D9}.Release|x64.ActiveCfg = Release|Any CPU
		{4D1F7EDC-13AE-432C-80EB-F66E7A16D4D9}.Release|x64.Build.0 = Release|Any CPU
		{4D1F7EDC-13AE-432C-80EB-F66E7A16D4D9}.Release|x86.ActiveCfg = Release|Any CPU
		{4D1F7EDC-13AE-432C-80EB-F66E7A16D4D9}.Release|x86.Build.0 = Release|Any CPU
		{BCDFD122-7006-4379-AA69-3F86D9CD253D}.Debug|Any CPU.ActiveCfg = Debug|Any CPU
		{BCDFD122-7006-4379-AA69-3F86D9CD253D}.Debug|Any CPU.Build.0 = Debug|Any CPU
		{BCDFD122-7006-4379-AA69-3F86D9CD253D}.Debug|x64.ActiveCfg = Debug|Any CPU
		{BCDFD122-7006-4379-AA69-3F86D9CD253D}.Debug|x64.Build.0 = Debug|Any CPU
		{BCDFD122-7006-4379-AA69-3F86D9CD253D}.Debug|x86.ActiveCfg = Debug|Any CPU
		{BCDFD122-7006-4379-AA69-3F86D9CD253D}.Debug|x86.Build.0 = Debug|Any CPU
		{BCDFD122-7006-4379-AA69-3F86D9CD253D}.Release|Any CPU.ActiveCfg = Release|Any CPU
		{BCDFD122-7006-4379-AA69-3F86D9CD253D}.Release|Any CPU.Build.0 = Release|Any CPU
		{BCDFD122-7006-4379-AA69-3F86D9CD253D}.Release|x64.ActiveCfg = Release|Any CPU
		{BCDFD122-7006-4379-AA69-3F86D9CD253D}.Release|x64.Build.0 = Release|Any CPU
		{BCDFD122-7006-4379-AA69-3F86D9CD253D}.Release|x86.ActiveCfg = Release|Any CPU
		{BCDFD122-7006-4379-AA69-3F86D9CD253D}.Release|x86.Build.0 = Release|Any CPU
		{13443EB7-35CD-4DB6-8669-AAEC930EC680}.Debug|Any CPU.ActiveCfg = Debug|Any CPU
		{13443EB7-35CD-4DB6-8669-AAEC930EC680}.Debug|Any CPU.Build.0 = Debug|Any CPU
		{13443EB7-35CD-4DB6-8669-AAEC930EC680}.Debug|x64.ActiveCfg = Debug|Any CPU
		{13443EB7-35CD-4DB6-8669-AAEC930EC680}.Debug|x64.Build.0 = Debug|Any CPU
		{13443EB7-35CD-4DB6-8669-AAEC930EC680}.Debug|x86.ActiveCfg = Debug|Any CPU
		{13443EB7-35CD-4DB6-8669-AAEC930EC680}.Debug|x86.Build.0 = Debug|Any CPU
		{13443EB7-35CD-4DB6-8669-AAEC930EC680}.Release|Any CPU.ActiveCfg = Release|Any CPU
		{13443EB7-35CD-4DB6-8669-AAEC930EC680}.Release|Any CPU.Build.0 = Release|Any CPU
		{13443EB7-35CD-4DB6-8669-AAEC930EC680}.Release|x64.ActiveCfg = Release|Any CPU
		{13443EB7-35CD-4DB6-8669-AAEC930EC680}.Release|x64.Build.0 = Release|Any CPU
		{13443EB7-35CD-4DB6-8669-AAEC930EC680}.Release|x86.ActiveCfg = Release|Any CPU
		{13443EB7-35CD-4DB6-8669-AAEC930EC680}.Release|x86.Build.0 = Release|Any CPU
		{23C45D04-3D09-41FD-B2D1-7A5C0F41DF90}.Debug|Any CPU.ActiveCfg = Debug|Any CPU
		{23C45D04-3D09-41FD-B2D1-7A5C0F41DF90}.Debug|Any CPU.Build.0 = Debug|Any CPU
		{23C45D04-3D09-41FD-B2D1-7A5C0F41DF90}.Debug|x64.ActiveCfg = Debug|Any CPU
		{23C45D04-3D09-41FD-B2D1-7A5C0F41DF90}.Debug|x64.Build.0 = Debug|Any CPU
		{23C45D04-3D09-41FD-B2D1-7A5C0F41DF90}.Debug|x86.ActiveCfg = Debug|Any CPU
		{23C45D04-3D09-41FD-B2D1-7A5C0F41DF90}.Debug|x86.Build.0 = Debug|Any CPU
		{23C45D04-3D09-41FD-B2D1-7A5C0F41DF90}.Release|Any CPU.ActiveCfg = Release|Any CPU
		{23C45D04-3D09-41FD-B2D1-7A5C0F41DF90}.Release|Any CPU.Build.0 = Release|Any CPU
		{23C45D04-3D09-41FD-B2D1-7A5C0F41DF90}.Release|x64.ActiveCfg = Release|Any CPU
		{23C45D04-3D09-41FD-B2D1-7A5C0F41DF90}.Release|x64.Build.0 = Release|Any CPU
		{23C45D04-3D09-41FD-B2D1-7A5C0F41DF90}.Release|x86.ActiveCfg = Release|Any CPU
		{23C45D04-3D09-41FD-B2D1-7A5C0F41DF90}.Release|x86.Build.0 = Release|Any CPU
		{F7D54783-F3EC-44AB-B232-ADDA9CF16B60}.Debug|Any CPU.ActiveCfg = Debug|Any CPU
		{F7D54783-F3EC-44AB-B232-ADDA9CF16B60}.Debug|Any CPU.Build.0 = Debug|Any CPU
		{F7D54783-F3EC-44AB-B232-ADDA9CF16B60}.Debug|x64.ActiveCfg = Debug|Any CPU
		{F7D54783-F3EC-44AB-B232-ADDA9CF16B60}.Debug|x64.Build.0 = Debug|Any CPU
		{F7D54783-F3EC-44AB-B232-ADDA9CF16B60}.Debug|x86.ActiveCfg = Debug|Any CPU
		{F7D54783-F3EC-44AB-B232-ADDA9CF16B60}.Debug|x86.Build.0 = Debug|Any CPU
		{F7D54783-F3EC-44AB-B232-ADDA9CF16B60}.Release|Any CPU.ActiveCfg = Release|Any CPU
		{F7D54783-F3EC-44AB-B232-ADDA9CF16B60}.Release|Any CPU.Build.0 = Release|Any CPU
		{F7D54783-F3EC-44AB-B232-ADDA9CF16B60}.Release|x64.ActiveCfg = Release|Any CPU
		{F7D54783-F3EC-44AB-B232-ADDA9CF16B60}.Release|x64.Build.0 = Release|Any CPU
		{F7D54783-F3EC-44AB-B232-ADDA9CF16B60}.Release|x86.ActiveCfg = Release|Any CPU
		{F7D54783-F3EC-44AB-B232-ADDA9CF16B60}.Release|x86.Build.0 = Release|Any CPU
	EndGlobalSection
	GlobalSection(SolutionProperties) = preSolution
		HideSolutionNode = FALSE
	EndGlobalSection
	GlobalSection(NestedProjects) = preSolution
		{8D626EA8-CB54-BC41-363A-217881BEBA6E} = {827E0CD3-B72D-47B6-A68D-7590B98EB39B}
		{53986343-908A-6037-C70A-1919D3E9F8C3} = {8D626EA8-CB54-BC41-363A-217881BEBA6E}
		{4D1F7EDC-13AE-432C-80EB-F66E7A16D4D9} = {53986343-908A-6037-C70A-1919D3E9F8C3}
		{0CDA018B-BDBD-8926-19A4-D41D9F91466A} = {8D626EA8-CB54-BC41-363A-217881BEBA6E}
		{BCDFD122-7006-4379-AA69-3F86D9CD253D} = {0CDA018B-BDBD-8926-19A4-D41D9F91466A}
		{13443EB7-35CD-4DB6-8669-AAEC930EC680} = {827E0CD3-B72D-47B6-A68D-7590B98EB39B}
		{23C45D04-3D09-41FD-B2D1-7A5C0F41DF90} = {827E0CD3-B72D-47B6-A68D-7590B98EB39B}
		{F7D54783-F3EC-44AB-B232-ADDA9CF16B60} = {0AB3BF05-4346-4AA6-1389-037BE0695223}
	EndGlobalSection
EndGlobal
